
Microsoft Visual Studio Solution File, Format Version 12.00
# Visual Studio Version 17
VisualStudioVersion = 17.8.34330.188
MinimumVisualStudioVersion = 10.0.40219.1
Project("{FAE04EC0-301F-11D3-BF4B-00C04F79EFBC}") = "JobFairManagementSystem", "JobFairManagementSystem.csproj", "{621D604F-D65D-4A66-9A4F-CB70FF129948}"
EndProject
Global
	GlobalSection(SolutionConfigurationPlatforms) = preSolution
		Debug|Any CPU = Debug|Any CPU
		Release|Any CPU = Release|Any CPU
	EndGlobalSection
	GlobalSection(ProjectConfigurationPlatforms) = postSolution
		{621D604F-D65D-4A66-9A4F-CB70FF129948}.Debug|Any CPU.ActiveCfg = Debug|Any CPU
		{621D604F-D65D-4A66-9A4F-CB70FF129948}.Debug|Any CPU.Build.0 = Debug|Any CPU
		{621D604F-D65D-4A66-9A4F-CB70FF129948}.Release|Any CPU.ActiveCfg = Release|Any CPU
		{621D604F-D65D-4A66-9A4F-CB70FF129948}.Release|Any CPU.Build.0 = Release|Any CPU
	EndGlobalSection
	GlobalSection(SolutionProperties) = preSolution
		HideSolutionNode = FALSE
	EndGlobalSection
	GlobalSection(ExtensibilityGlobals) = postSolution
		SolutionGuid = {C9870773-2857-4C96-AFE9-79D5A8559B0B}
	EndGlobalSection
EndGlobal
